{
  "name": "coinbase-pro-average-down",
  "lockfileVersion": 2,
  "requires": true,
  "packages": {
    "": {
      "dependencies": {
        "chalk": "^4.1.1",
        "coinbase-pro-node": "^3.0.4",
        "dotenv": "^10.0.0"
      },
      "devDependencies": {
        "prettier": "^2.3.1"
      }
    },
    "node_modules/@types/node": {
      "version": "15.12.2",
      "license": "MIT"
    },
    "node_modules/@types/ws": {
      "version": "7.4.1",
      "license": "MIT",
      "dependencies": {
        "@types/node": "*"
      }
    },
    "node_modules/axios": {
      "version": "0.21.1",
      "license": "MIT",
      "dependencies": {
        "follow-redirects": "^1.10.0"
      }
    },
    "node_modules/axios-retry": {
      "version": "3.1.9",
      "license": "Apache-2.0",
      "dependencies": {
        "is-retry-allowed": "^1.1.0"
      }
    },
    "node_modules/base64-js": {
      "version": "1.5.1",
      "funding": [
        {
          "type": "github",
          "url": "https://github.com/sponsors/feross"
        },
        {
          "type": "patreon",
          "url": "https://www.patreon.com/feross"
        },
        {
          "type": "consulting",
          "url": "https://feross.org/support"
        }
      ],
      "license": "MIT"
    },
    "node_modules/buffer": {
      "version": "6.0.3",
      "funding": [
        {
          "type": "github",
          "url": "https://github.com/sponsors/feross"
        },
        {
          "type": "patreon",
          "url": "https://www.patreon.com/feross"
        },
        {
          "type": "consulting",
          "url": "https://feross.org/support"
        }
      ],
      "license": "MIT",
      "dependencies": {
        "base64-js": "^1.3.1",
        "ieee754": "^1.2.1"
      }
    },
    "node_modules/bufferutil": {
      "version": "4.0.3",
      "hasInstallScript": true,
      "license": "MIT",
      "dependencies": {
        "node-gyp-build": "^4.2.0"
      }
    },
    "node_modules/chalk": {
      "version": "4.1.1",
      "license": "MIT",
      "dependencies": {
        "ansi-styles": "^4.1.0",
        "supports-color": "^7.1.0"
      },
      "engines": {
        "node": ">=10"
      },
      "funding": {
        "url": "https://github.com/chalk/chalk?sponsor=1"
      }
    },
    "node_modules/chalk/node_modules/ansi-styles": {
      "version": "4.3.0",
      "license": "MIT",
      "dependencies": {
        "color-convert": "^2.0.1"
      },
      "engines": {
        "node": ">=8"
      },
      "funding": {
        "url": "https://github.com/chalk/ansi-styles?sponsor=1"
      }
    },
    "node_modules/chalk/node_modules/color-convert": {
      "version": "2.0.1",
      "license": "MIT",
      "dependencies": {
        "color-name": "~1.1.4"
      },
      "engines": {
        "node": ">=7.0.0"
      }
    },
    "node_modules/chalk/node_modules/color-name": {
      "version": "1.1.4",
      "license": "MIT"
    },
    "node_modules/coinbase-pro-node": {
      "version": "3.0.4",
      "license": "MIT",
      "dependencies": {
        "@types/ws": "7.4.1",
        "axios": "0.21.1",
        "axios-retry": "3.1.9",
        "buffer": "6.0.3",
        "bufferutil": "4.0.3",
        "reconnecting-websocket": "4.4.0",
        "utf-8-validate": "5.0.4",
        "ws": "7.4.5"
      },
      "engines": {
        "node": ">= 10.9",
        "yarn": ">= 1"
      }
    },
    "node_modules/dotenv": {
      "version": "10.0.0",
      "license": "BSD-2-Clause",
      "engines": {
        "node": ">=10"
      }
    },
    "node_modules/follow-redirects": {
      "version": "1.14.1",
      "funding": [
        {
          "type": "individual",
          "url": "https://github.com/sponsors/RubenVerborgh"
        }
      ],
      "license": "MIT",
      "engines": {
        "node": ">=4.0"
      },
      "peerDependenciesMeta": {
        "debug": {
          "optional": true
        }
      }
    },
    "node_modules/has-flag": {
      "version": "4.0.0",
      "license": "MIT",
      "engines": {
        "node": ">=8"
      }
    },
    "node_modules/ieee754": {
      "version": "1.2.1",
      "funding": [
        {
          "type": "github",
          "url": "https://github.com/sponsors/feross"
        },
        {
          "type": "patreon",
          "url": "https://www.patreon.com/feross"
        },
        {
          "type": "consulting",
          "url": "https://feross.org/support"
        }
      ],
      "license": "BSD-3-Clause"
    },
    "node_modules/is-retry-allowed": {
      "version": "1.2.0",
      "license": "MIT",
      "engines": {
        "node": ">=0.10.0"
      }
    },
    "node_modules/node-gyp-build": {
      "version": "4.2.3",
      "license": "MIT",
      "bin": {
        "node-gyp-build": "bin.js",
        "node-gyp-build-optional": "optional.js",
        "node-gyp-build-test": "build-test.js"
      }
    },
    "node_modules/prettier": {
      "version": "2.3.1",
      "dev": true,
      "license": "MIT",
      "bin": {
        "prettier": "bin-prettier.js"
      },
      "engines": {
        "node": ">=10.13.0"
      }
    },
    "node_modules/reconnecting-websocket": {
      "version": "4.4.0",
      "license": "MIT"
    },
    "node_modules/supports-color": {
      "version": "7.2.0",
      "license": "MIT",
      "dependencies": {
        "has-flag": "^4.0.0"
      },
      "engines": {
        "node": ">=8"
      }
    },
    "node_modules/utf-8-validate": {
      "version": "5.0.4",
      "hasInstallScript": true,
      "license": "MIT",
      "dependencies": {
        "node-gyp-build": "^4.2.0"
      }
    },
    "node_modules/ws": {
      "version": "7.4.5",
      "license": "MIT",
      "engines": {
        "node": ">=8.3.0"
      },
      "peerDependencies": {
        "bufferutil": "^4.0.1",
        "utf-8-validate": "^5.0.2"
      },
      "peerDependenciesMeta": {
        "bufferutil": {
          "optional": true
        },
        "utf-8-validate": {
          "optional": true
        }
      }
    }
  },
  "dependencies": {
    "@types/node": {
      "version": "15.12.2"
    },
    "@types/ws": {
      "version": "7.4.1",
      "requires": {
        "@types/node": "*"
      }
    },
    "axios": {
      "version": "0.21.1",
      "requires": {
        "follow-redirects": "^1.10.0"
      }
    },
    "axios-retry": {
      "version": "3.1.9",
      "requires": {
        "is-retry-allowed": "^1.1.0"
      }
    },
    "base64-js": {
      "version": "1.5.1"
    },
    "buffer": {
      "version": "6.0.3",
      "requires": {
        "base64-js": "^1.3.1",
        "ieee754": "^1.2.1"
      }
    },
    "bufferutil": {
      "version": "4.0.3",
      "requires": {
        "node-gyp-build": "^4.2.0"
      }
    },
    "chalk": {
      "version": "4.1.1",
      "requires": {
        "ansi-styles": "^4.1.0",
        "supports-color": "^7.1.0"
      },
      "dependencies": {
        "ansi-styles": {
          "version": "4.3.0",
          "requires": {
            "color-convert": "^2.0.1"
          }
        },
        "color-convert": {
          "version": "2.0.1",
          "requires": {
            "color-name": "~1.1.4"
          }
        },
        "color-name": {
          "version": "1.1.4"
        }
      }
    },
    "coinbase-pro-node": {
      "version": "3.0.4",
      "requires": {
        "@types/ws": "7.4.1",
        "axios": "0.21.1",
        "axios-retry": "3.1.9",
        "buffer": "6.0.3",
        "bufferutil": "4.0.3",
        "reconnecting-websocket": "4.4.0",
        "utf-8-validate": "5.0.4",
        "ws": "7.4.5"
      }
    },
    "dotenv": {
      "version": "10.0.0"
    },
    "follow-redirects": {
      "version": "1.14.1"
    },
    "has-flag": {
      "version": "4.0.0"
    },
    "ieee754": {
      "version": "1.2.1"
    },
    "is-retry-allowed": {
      "version": "1.2.0"
    },
    "node-gyp-build": {
      "version": "4.2.3"
    },
    "prettier": {
      "version": "2.3.1",
      "dev": true
    },
    "reconnecting-websocket": {
      "version": "4.4.0"
    },
    "supports-color": {
      "version": "7.2.0",
      "requires": {
        "has-flag": "^4.0.0"
      }
    },
    "utf-8-validate": {
      "version": "5.0.4",
      "requires": {
        "node-gyp-build": "^4.2.0"
      }
    },
    "ws": {
      "version": "7.4.5",
      "requires": {}
    }
  }
}
